
Microsoft Visual Studio Solution File, Format Version 12.00
# Visual Studio Version 16
VisualStudioVersion = 16.0.34729.46
MinimumVisualStudioVersion = 10.0.40219.1
Project("{FAE04EC0-301F-11D3-BF4B-00C04F79EFBC}") = "RTCUpdate", "RTCUpdate\RTCUpdate.csproj", "{37DC49A4-6CCE-40E0-AF37-43CC50E982B9}"
EndProject
Project("{FAE04EC0-301F-11D3-BF4B-00C04F79EFBC}") = "RTCSystem", "RTCSystem\RTCSystem.csproj", "{93037FCC-74E9-4143-99C6-E8EB91C3646B}"
EndProject
Project("{FAE04EC0-301F-11D3-BF4B-00C04F79EFBC}") = "RTCConst", "RTCConst\RTCConst.csproj", "{8A10F03F-B1A8-42CC-A9BA-56A7486308F7}"
EndProject
Project("{FAE04EC0-301F-11D3-BF4B-00C04F79EFBC}") = "RTCEnums", "RTCEnums\RTCEnums.csproj", "{B9770451-E900-4C2C-B29E-050C6ABBA7D6}"
EndProject
Project("{FAE04EC0-301F-11D3-BF4B-00C04F79EFBC}") = "RTCLibs", "RTCLibs\RTCLibs.csproj", "{7786AC9F-2F1B-4804-92E1-B17FC4C11BE8}"
EndProject
Project("{FAE04EC0-301F-11D3-BF4B-00C04F79EFBC}") = "RTCDahuaSdk", "RTCDahuaSdk\RTCDahuaSdk.csproj", "{322E6993-E2FA-48BC-AFE3-6885D63EE760}"
EndProject
Project("{FAE04EC0-301F-11D3-BF4B-00C04F79EFBC}") = "RTCHikSdk", "RTCHikSdk\RTCHikSdk.csproj", "{D063BDD8-9149-4D51-B2CF-B2C5A098F5F9}"
EndProject
Project("{FAE04EC0-301F-11D3-BF4B-00C04F79EFBC}") = "PixelCountTool", "0. PixelCountTool\PixelCountTool\PixelCountTool.csproj", "{776C87C6-CDF6-4A91-85A6-ADC2B2CE3BF4}"
EndProject
Project("{FAE04EC0-301F-11D3-BF4B-00C04F79EFBC}") = "Blob_Muilti_ROI", "2. Blob_Muilti_ROI\Blob_Muilti_ROI\Blob_Muilti_ROI.csproj", "{B2B7E4DB-F4F0-40F1-BA72-A08AA4DA0A0B}"
EndProject
Project("{FAE04EC0-301F-11D3-BF4B-00C04F79EFBC}") = "Blob_Color_Multi_ROI", "4. Blob_Color_Multi_ROI\Blob_Color_Multi_ROI\Blob_Color_Multi_ROI.csproj", "{0FEF6EE9-EAE7-4C9C-B6E7-C181AFE4DEB5}"
EndProject
Project("{FAE04EC0-301F-11D3-BF4B-00C04F79EFBC}") = "DistanceMeasurementTool", "9. DistanceMeasurementTool\DistanceMeasurementTool\DistanceMeasurementTool.csproj", "{74618E99-4FAE-469C-86D3-6851A3941585}"
EndProject
Project("{FAE04EC0-301F-11D3-BF4B-00C04F79EFBC}") = "ImageFilterTool", "9. ImageFilterTool\ImageFilterTool\ImageFilterTool.csproj", "{D786B952-F766-431E-AD38-A8B2F4292710}"
EndProject
Project("{FAE04EC0-301F-11D3-BF4B-00C04F79EFBC}") = "Brightness Tool", "13. Brightness Tool\Brightness Tool\Brightness Tool.csproj", "{0BDE02F8-B7C9-4E44-BB13-E4B1FD0A1CEC}"
EndProject
Project("{FAE04EC0-301F-11D3-BF4B-00C04F79EFBC}") = "Region Processing", "Region Processing\Region Processing\Region Processing.csproj", "{E28B9997-99CF-4959-A32F-8B18E586F029}"
EndProject
Project("{FAE04EC0-301F-11D3-BF4B-00C04F79EFBC}") = "BlobTool", "1. BlobTool\BlobTool\BlobTool.csproj", "{3D146526-3083-4893-9F87-7E15D4E4A3FE}"
EndProject
Project("{FAE04EC0-301F-11D3-BF4B-00C04F79EFBC}") = "Blob Filter", "14. Blob Filter\Blob Filter\Blob Filter.csproj", "{78CD7484-0F85-4878-B805-9B511E34BA1C}"
EndProject
Project("{FAE04EC0-301F-11D3-BF4B-00C04F79EFBC}") = "OriginTool", "6 (1). OriginTool\OriginTool\OriginTool.csproj", "{10F5441D-6360-4839-8F01-AD0E56E8CA87}"
EndProject
Project("{FAE04EC0-301F-11D3-BF4B-00C04F79EFBC}") = "Blob View", "15. Blob_View\Blob Filter\Blob View.csproj", "{B74EBC48-848D-42CD-8AA9-3C427B38F307}"
EndProject
Project("{FAE04EC0-301F-11D3-BF4B-00C04F79EFBC}") = "FindLineTool", "5 FindLineTool\FindLineTool\FindLineTool.csproj", "{A7FAE0CA-AA36-4B8F-828A-6289B6126115}"
EndProject
Project("{FAE04EC0-301F-11D3-BF4B-00C04F79EFBC}") = "NewPattern", "8. NewPattern\NewPattern\NewPattern.csproj", "{8F8437D0-2AE6-48C8-9CD2-890F29445D12}"
EndProject
Project("{FAE04EC0-301F-11D3-BF4B-00C04F79EFBC}") = "ImageSplit", "17. ImageSplit\ImageSplit\ImageSplit.csproj", "{3F2DAA48-9576-4863-A73B-9A1314375B4A}"
EndProject
Project("{FAE04EC0-301F-11D3-BF4B-00C04F79EFBC}") = "SetOrigin", "SetOrigin\SetOrigin\SetOrigin.csproj", "{6272FB1D-F065-48B3-8E3A-2B7585BE6420}"
EndProject
Project("{FAE04EC0-301F-11D3-BF4B-00C04F79EFBC}") = "RTC Vision Lite", "RTC Vision Lite\RTC Vision Lite.csproj", "{747E4476-583E-433B-A81E-E8605A018089}"
EndProject
Project("{FAE04EC0-301F-11D3-BF4B-00C04F79EFBC}") = "GraphicsWindow", "GraphiscWindow\GraphicsWindow.csproj", "{9EDA0F4C-D4F4-464E-9CDB-02C9987D5613}"
EndProject
Project("{FAE04EC0-301F-11D3-BF4B-00C04F79EFBC}") = "ImageMath", "18. ImageMath\ImageMath\ImageMath.csproj", "{5A2074B8-9F0C-4B48-A8AD-273F77417762}"
EndProject
Project("{FAE04EC0-301F-11D3-BF4B-00C04F79EFBC}") = "RTCBaslerSdk", "RTCBaslerSdk (1)\RTCBaslerSdk.csproj", "{51533942-A4D4-45A1-951A-CC81EAE37280}"
EndProject
Project("{FAE04EC0-301F-11D3-BF4B-00C04F79EFBC}") = "CodeReader", "19. CodeReader\CodeReader\CodeReader.csproj", "{82AF12D1-3E71-4663-BE69-6B95FB55C7E9}"
EndProject
Global
	GlobalSection(SolutionConfigurationPlatforms) = preSolution
		Debug|Any CPU = Debug|Any CPU
		Debug|x64 = Debug|x64
		Debug|x86 = Debug|x86
		Release|Any CPU = Release|Any CPU
		Release|x64 = Release|x64
		Release|x86 = Release|x86
	EndGlobalSection
	GlobalSection(ProjectConfigurationPlatforms) = postSolution
		{37DC49A4-6CCE-40E0-AF37-43CC50E982B9}.Debug|Any CPU.ActiveCfg = Debug|Any CPU
		{37DC49A4-6CCE-40E0-AF37-43CC50E982B9}.Debug|Any CPU.Build.0 = Debug|Any CPU
		{37DC49A4-6CCE-40E0-AF37-43CC50E982B9}.Debug|x64.ActiveCfg = Debug|x64
		{37DC49A4-6CCE-40E0-AF37-43CC50E982B9}.Debug|x64.Build.0 = Debug|x64
		{37DC49A4-6CCE-40E0-AF37-43CC50E982B9}.Debug|x86.ActiveCfg = Debug|Any CPU
		{37DC49A4-6CCE-40E0-AF37-43CC50E982B9}.Debug|x86.Build.0 = Debug|Any CPU
		{37DC49A4-6CCE-40E0-AF37-43CC50E982B9}.Release|Any CPU.ActiveCfg = Release|Any CPU
		{37DC49A4-6CCE-40E0-AF37-43CC50E982B9}.Release|Any CPU.Build.0 = Release|Any CPU
		{37DC49A4-6CCE-40E0-AF37-43CC50E982B9}.Release|x64.ActiveCfg = Release|x64
		{37DC49A4-6CCE-40E0-AF37-43CC50E982B9}.Release|x64.Build.0 = Release|x64
		{37DC49A4-6CCE-40E0-AF37-43CC50E982B9}.Release|x86.ActiveCfg = Release|Any CPU
		{37DC49A4-6CCE-40E0-AF37-43CC50E982B9}.Release|x86.Build.0 = Release|Any CPU
		{93037FCC-74E9-4143-99C6-E8EB91C3646B}.Debug|Any CPU.ActiveCfg = Debug|Any CPU
		{93037FCC-74E9-4143-99C6-E8EB91C3646B}.Debug|Any CPU.Build.0 = Debug|Any CPU
		{93037FCC-74E9-4143-99C6-E8EB91C3646B}.Debug|x64.ActiveCfg = Debug|x64
		{93037FCC-74E9-4143-99C6-E8EB91C3646B}.Debug|x64.Build.0 = Debug|x64
		{93037FCC-74E9-4143-99C6-E8EB91C3646B}.Debug|x86.ActiveCfg = Debug|Any CPU
		{93037FCC-74E9-4143-99C6-E8EB91C3646B}.Debug|x86.Build.0 = Debug|Any CPU
		{93037FCC-74E9-4143-99C6-E8EB91C3646B}.Release|Any CPU.ActiveCfg = Release|Any CPU
		{93037FCC-74E9-4143-99C6-E8EB91C3646B}.Release|Any CPU.Build.0 = Release|Any CPU
		{93037FCC-74E9-4143-99C6-E8EB91C3646B}.Release|x64.ActiveCfg = Release|x64
		{93037FCC-74E9-4143-99C6-E8EB91C3646B}.Release|x64.Build.0 = Release|x64
		{93037FCC-74E9-4143-99C6-E8EB91C3646B}.Release|x86.ActiveCfg = Release|Any CPU
		{93037FCC-74E9-4143-99C6-E8EB91C3646B}.Release|x86.Build.0 = Release|Any CPU
		{8A10F03F-B1A8-42CC-A9BA-56A7486308F7}.Debug|Any CPU.ActiveCfg = Debug|Any CPU
		{8A10F03F-B1A8-42CC-A9BA-56A7486308F7}.Debug|Any CPU.Build.0 = Debug|Any CPU
		{8A10F03F-B1A8-42CC-A9BA-56A7486308F7}.Debug|x64.ActiveCfg = Debug|x64
		{8A10F03F-B1A8-42CC-A9BA-56A7486308F7}.Debug|x64.Build.0 = Debug|x64
		{8A10F03F-B1A8-42CC-A9BA-56A7486308F7}.Debug|x86.ActiveCfg = Debug|Any CPU
		{8A10F03F-B1A8-42CC-A9BA-56A7486308F7}.Debug|x86.Build.0 = Debug|Any CPU
		{8A10F03F-B1A8-42CC-A9BA-56A7486308F7}.Release|Any CPU.ActiveCfg = Release|Any CPU
		{8A10F03F-B1A8-42CC-A9BA-56A7486308F7}.Release|Any CPU.Build.0 = Release|Any CPU
		{8A10F03F-B1A8-42CC-A9BA-56A7486308F7}.Release|x64.ActiveCfg = Release|x64
		{8A10F03F-B1A8-42CC-A9BA-56A7486308F7}.Release|x64.Build.0 = Release|x64
		{8A10F03F-B1A8-42CC-A9BA-56A7486308F7}.Release|x86.ActiveCfg = Release|Any CPU
		{8A10F03F-B1A8-42CC-A9BA-56A7486308F7}.Release|x86.Build.0 = Release|Any CPU
		{B9770451-E900-4C2C-B29E-050C6ABBA7D6}.Debug|Any CPU.ActiveCfg = Debug|Any CPU
		{B9770451-E900-4C2C-B29E-050C6ABBA7D6}.Debug|Any CPU.Build.0 = Debug|Any CPU
		{B9770451-E900-4C2C-B29E-050C6ABBA7D6}.Debug|x64.ActiveCfg = Debug|x64
		{B9770451-E900-4C2C-B29E-050C6ABBA7D6}.Debug|x64.Build.0 = Debug|x64
		{B9770451-E900-4C2C-B29E-050C6ABBA7D6}.Debug|x86.ActiveCfg = Debug|Any CPU
		{B9770451-E900-4C2C-B29E-050C6ABBA7D6}.Debug|x86.Build.0 = Debug|Any CPU
		{B9770451-E900-4C2C-B29E-050C6ABBA7D6}.Release|Any CPU.ActiveCfg = Release|Any CPU
		{B9770451-E900-4C2C-B29E-050C6ABBA7D6}.Release|Any CPU.Build.0 = Release|Any CPU
		{B9770451-E900-4C2C-B29E-050C6ABBA7D6}.Release|x64.ActiveCfg = Release|x64
		{B9770451-E900-4C2C-B29E-050C6ABBA7D6}.Release|x64.Build.0 = Release|x64
		{B9770451-E900-4C2C-B29E-050C6ABBA7D6}.Release|x86.ActiveCfg = Release|Any CPU
		{B9770451-E900-4C2C-B29E-050C6ABBA7D6}.Release|x86.Build.0 = Release|Any CPU
		{7786AC9F-2F1B-4804-92E1-B17FC4C11BE8}.Debug|Any CPU.ActiveCfg = Debug|Any CPU
		{7786AC9F-2F1B-4804-92E1-B17FC4C11BE8}.Debug|Any CPU.Build.0 = Debug|Any CPU
		{7786AC9F-2F1B-4804-92E1-B17FC4C11BE8}.Debug|x64.ActiveCfg = Debug|x64
		{7786AC9F-2F1B-4804-92E1-B17FC4C11BE8}.Debug|x64.Build.0 = Debug|x64
		{7786AC9F-2F1B-4804-92E1-B17FC4C11BE8}.Debug|x86.ActiveCfg = Debug|Any CPU
		{7786AC9F-2F1B-4804-92E1-B17FC4C11BE8}.Debug|x86.Build.0 = Debug|Any CPU
		{7786AC9F-2F1B-4804-92E1-B17FC4C11BE8}.Release|Any CPU.ActiveCfg = Release|Any CPU
		{7786AC9F-2F1B-4804-92E1-B17FC4C11BE8}.Release|Any CPU.Build.0 = Release|Any CPU
		{7786AC9F-2F1B-4804-92E1-B17FC4C11BE8}.Release|x64.ActiveCfg = Release|x64
		{7786AC9F-2F1B-4804-92E1-B17FC4C11BE8}.Release|x64.Build.0 = Release|x64
		{7786AC9F-2F1B-4804-92E1-B17FC4C11BE8}.Release|x86.ActiveCfg = Release|Any CPU
		{7786AC9F-2F1B-4804-92E1-B17FC4C11BE8}.Release|x86.Build.0 = Release|Any CPU
		{322E6993-E2FA-48BC-AFE3-6885D63EE760}.Debug|Any CPU.ActiveCfg = Debug|Any CPU
		{322E6993-E2FA-48BC-AFE3-6885D63EE760}.Debug|Any CPU.Build.0 = Debug|Any CPU
		{322E6993-E2FA-48BC-AFE3-6885D63EE760}.Debug|x64.ActiveCfg = Debug|x64
		{322E6993-E2FA-48BC-AFE3-6885D63EE760}.Debug|x64.Build.0 = Debug|x64
		{322E6993-E2FA-48BC-AFE3-6885D63EE760}.Debug|x86.ActiveCfg = Debug|x86
		{322E6993-E2FA-48BC-AFE3-6885D63EE760}.Debug|x86.Build.0 = Debug|x86
		{322E6993-E2FA-48BC-AFE3-6885D63EE760}.Release|Any CPU.ActiveCfg = Release|Any CPU
		{322E6993-E2FA-48BC-AFE3-6885D63EE760}.Release|Any CPU.Build.0 = Release|Any CPU
		{322E6993-E2FA-48BC-AFE3-6885D63EE760}.Release|x64.ActiveCfg = Release|x64
		{322E6993-E2FA-48BC-AFE3-6885D63EE760}.Release|x64.Build.0 = Release|x64
		{322E6993-E2FA-48BC-AFE3-6885D63EE760}.Release|x86.ActiveCfg = Release|x86
		{322E6993-E2FA-48BC-AFE3-6885D63EE760}.Release|x86.Build.0 = Release|x86
		{D063BDD8-9149-4D51-B2CF-B2C5A098F5F9}.Debug|Any CPU.ActiveCfg = Debug|Any CPU
		{D063BDD8-9149-4D51-B2CF-B2C5A098F5F9}.Debug|Any CPU.Build.0 = Debug|Any CPU
		{D063BDD8-9149-4D51-B2CF-B2C5A098F5F9}.Debug|x64.ActiveCfg = Debug|x64
		{D063BDD8-9149-4D51-B2CF-B2C5A098F5F9}.Debug|x64.Build.0 = Debug|x64
		{D063BDD8-9149-4D51-B2CF-B2C5A098F5F9}.Debug|x86.ActiveCfg = Debug|x86
		{D063BDD8-9149-4D51-B2CF-B2C5A098F5F9}.Debug|x86.Build.0 = Debug|x86
		{D063BDD8-9149-4D51-B2CF-B2C5A098F5F9}.Release|Any CPU.ActiveCfg = Release|Any CPU
		{D063BDD8-9149-4D51-B2CF-B2C5A098F5F9}.Release|Any CPU.Build.0 = Release|Any CPU
		{D063BDD8-9149-4D51-B2CF-B2C5A098F5F9}.Release|x64.ActiveCfg = Release|x64
		{D063BDD8-9149-4D51-B2CF-B2C5A098F5F9}.Release|x64.Build.0 = Release|x64
		{D063BDD8-9149-4D51-B2CF-B2C5A098F5F9}.Release|x86.ActiveCfg = Release|x86
		{D063BDD8-9149-4D51-B2CF-B2C5A098F5F9}.Release|x86.Build.0 = Release|x86
		{776C87C6-CDF6-4A91-85A6-ADC2B2CE3BF4}.Debug|Any CPU.ActiveCfg = Debug|Any CPU
		{776C87C6-CDF6-4A91-85A6-ADC2B2CE3BF4}.Debug|Any CPU.Build.0 = Debug|Any CPU
		{776C87C6-CDF6-4A91-85A6-ADC2B2CE3BF4}.Debug|x64.ActiveCfg = Debug|Any CPU
		{776C87C6-CDF6-4A91-85A6-ADC2B2CE3BF4}.Debug|x64.Build.0 = Debug|Any CPU
		{776C87C6-CDF6-4A91-85A6-ADC2B2CE3BF4}.Debug|x86.ActiveCfg = Debug|Any CPU
		{776C87C6-CDF6-4A91-85A6-ADC2B2CE3BF4}.Debug|x86.Build.0 = Debug|Any CPU
		{776C87C6-CDF6-4A91-85A6-ADC2B2CE3BF4}.Release|Any CPU.ActiveCfg = Release|Any CPU
		{776C87C6-CDF6-4A91-85A6-ADC2B2CE3BF4}.Release|Any CPU.Build.0 = Release|Any CPU
		{776C87C6-CDF6-4A91-85A6-ADC2B2CE3BF4}.Release|x64.ActiveCfg = Release|Any CPU
		{776C87C6-CDF6-4A91-85A6-ADC2B2CE3BF4}.Release|x64.Build.0 = Release|Any CPU
		{776C87C6-CDF6-4A91-85A6-ADC2B2CE3BF4}.Release|x86.ActiveCfg = Release|Any CPU
		{776C87C6-CDF6-4A91-85A6-ADC2B2CE3BF4}.Release|x86.Build.0 = Release|Any CPU
		{B2B7E4DB-F4F0-40F1-BA72-A08AA4DA0A0B}.Debug|Any CPU.ActiveCfg = Debug|Any CPU
		{B2B7E4DB-F4F0-40F1-BA72-A08AA4DA0A0B}.Debug|Any CPU.Build.0 = Debug|Any CPU
		{B2B7E4DB-F4F0-40F1-BA72-A08AA4DA0A0B}.Debug|x64.ActiveCfg = Debug|Any CPU
		{B2B7E4DB-F4F0-40F1-BA72-A08AA4DA0A0B}.Debug|x64.Build.0 = Debug|Any CPU
		{B2B7E4DB-F4F0-40F1-BA72-A08AA4DA0A0B}.Debug|x86.ActiveCfg = Debug|Any CPU
		{B2B7E4DB-F4F0-40F1-BA72-A08AA4DA0A0B}.Debug|x86.Build.0 = Debug|Any CPU
		{B2B7E4DB-F4F0-40F1-BA72-A08AA4DA0A0B}.Release|Any CPU.ActiveCfg = Release|Any CPU
		{B2B7E4DB-F4F0-40F1-BA72-A08AA4DA0A0B}.Release|Any CPU.Build.0 = Release|Any CPU
		{B2B7E4DB-F4F0-40F1-BA72-A08AA4DA0A0B}.Release|x64.ActiveCfg = Release|Any CPU
		{B2B7E4DB-F4F0-40F1-BA72-A08AA4DA0A0B}.Release|x64.Build.0 = Release|Any CPU
		{B2B7E4DB-F4F0-40F1-BA72-A08AA4DA0A0B}.Release|x86.ActiveCfg = Release|Any CPU
		{B2B7E4DB-F4F0-40F1-BA72-A08AA4DA0A0B}.Release|x86.Build.0 = Release|Any CPU
		{0FEF6EE9-EAE7-4C9C-B6E7-C181AFE4DEB5}.Debug|Any CPU.ActiveCfg = Debug|Any CPU
		{0FEF6EE9-EAE7-4C9C-B6E7-C181AFE4DEB5}.Debug|Any CPU.Build.0 = Debug|Any CPU
		{0FEF6EE9-EAE7-4C9C-B6E7-C181AFE4DEB5}.Debug|x64.ActiveCfg = Debug|Any CPU
		{0FEF6EE9-EAE7-4C9C-B6E7-C181AFE4DEB5}.Debug|x64.Build.0 = Debug|Any CPU
		{0FEF6EE9-EAE7-4C9C-B6E7-C181AFE4DEB5}.Debug|x86.ActiveCfg = Debug|Any CPU
		{0FEF6EE9-EAE7-4C9C-B6E7-C181AFE4DEB5}.Debug|x86.Build.0 = Debug|Any CPU
		{0FEF6EE9-EAE7-4C9C-B6E7-C181AFE4DEB5}.Release|Any CPU.ActiveCfg = Release|Any CPU
		{0FEF6EE9-EAE7-4C9C-B6E7-C181AFE4DEB5}.Release|Any CPU.Build.0 = Release|Any CPU
		{0FEF6EE9-EAE7-4C9C-B6E7-C181AFE4DEB5}.Release|x64.ActiveCfg = Release|Any CPU
		{0FEF6EE9-EAE7-4C9C-B6E7-C181AFE4DEB5}.Release|x64.Build.0 = Release|Any CPU
		{0FEF6EE9-EAE7-4C9C-B6E7-C181AFE4DEB5}.Release|x86.ActiveCfg = Release|Any CPU
		{0FEF6EE9-EAE7-4C9C-B6E7-C181AFE4DEB5}.Release|x86.Build.0 = Release|Any CPU
		{74618E99-4FAE-469C-86D3-6851A3941585}.Debug|Any CPU.ActiveCfg = Debug|Any CPU
		{74618E99-4FAE-469C-86D3-6851A3941585}.Debug|Any CPU.Build.0 = Debug|Any CPU
		{74618E99-4FAE-469C-86D3-6851A3941585}.Debug|x64.ActiveCfg = Debug|Any CPU
		{74618E99-4FAE-469C-86D3-6851A3941585}.Debug|x64.Build.0 = Debug|Any CPU
		{74618E99-4FAE-469C-86D3-6851A3941585}.Debug|x86.ActiveCfg = Debug|Any CPU
		{74618E99-4FAE-469C-86D3-6851A3941585}.Debug|x86.Build.0 = Debug|Any CPU
		{74618E99-4FAE-469C-86D3-6851A3941585}.Release|Any CPU.ActiveCfg = Release|Any CPU
		{74618E99-4FAE-469C-86D3-6851A3941585}.Release|Any CPU.Build.0 = Release|Any CPU
		{74618E99-4FAE-469C-86D3-6851A3941585}.Release|x64.ActiveCfg = Release|Any CPU
		{74618E99-4FAE-469C-86D3-6851A3941585}.Release|x64.Build.0 = Release|Any CPU
		{74618E99-4FAE-469C-86D3-6851A3941585}.Release|x86.ActiveCfg = Release|Any CPU
		{74618E99-4FAE-469C-86D3-6851A3941585}.Release|x86.Build.0 = Release|Any CPU
		{D786B952-F766-431E-AD38-A8B2F4292710}.Debug|Any CPU.ActiveCfg = Debug|Any CPU
		{D786B952-F766-431E-AD38-A8B2F4292710}.Debug|Any CPU.Build.0 = Debug|Any CPU
		{D786B952-F766-431E-AD38-A8B2F4292710}.Debug|x64.ActiveCfg = Debug|Any CPU
		{D786B952-F766-431E-AD38-A8B2F4292710}.Debug|x64.Build.0 = Debug|Any CPU
		{D786B952-F766-431E-AD38-A8B2F4292710}.Debug|x86.ActiveCfg = Debug|Any CPU
		{D786B952-F766-431E-AD38-A8B2F4292710}.Debug|x86.Build.0 = Debug|Any CPU
		{D786B952-F766-431E-AD38-A8B2F4292710}.Release|Any CPU.ActiveCfg = Release|Any CPU
		{D786B952-F766-431E-AD38-A8B2F4292710}.Release|Any CPU.Build.0 = Release|Any CPU
		{D786B952-F766-431E-AD38-A8B2F4292710}.Release|x64.ActiveCfg = Release|Any CPU
		{D786B952-F766-431E-AD38-A8B2F4292710}.Release|x64.Build.0 = Release|Any CPU
		{D786B952-F766-431E-AD38-A8B2F4292710}.Release|x86.ActiveCfg = Release|Any CPU
		{D786B952-F766-431E-AD38-A8B2F4292710}.Release|x86.Build.0 = Release|Any CPU
		{0BDE02F8-B7C9-4E44-BB13-E4B1FD0A1CEC}.Debug|Any CPU.ActiveCfg = Debug|Any CPU
		{0BDE02F8-B7C9-4E44-BB13-E4B1FD0A1CEC}.Debug|Any CPU.Build.0 = Debug|Any CPU
		{0BDE02F8-B7C9-4E44-BB13-E4B1FD0A1CEC}.Debug|x64.ActiveCfg = Debug|Any CPU
		{0BDE02F8-B7C9-4E44-BB13-E4B1FD0A1CEC}.Debug|x64.Build.0 = Debug|Any CPU
		{0BDE02F8-B7C9-4E44-BB13-E4B1FD0A1CEC}.Debug|x86.ActiveCfg = Debug|Any CPU
		{0BDE02F8-B7C9-4E44-BB13-E4B1FD0A1CEC}.Debug|x86.Build.0 = Debug|Any CPU
		{0BDE02F8-B7C9-4E44-BB13-E4B1FD0A1CEC}.Release|Any CPU.ActiveCfg = Release|Any CPU
		{0BDE02F8-B7C9-4E44-BB13-E4B1FD0A1CEC}.Release|Any CPU.Build.0 = Release|Any CPU
		{0BDE02F8-B7C9-4E44-BB13-E4B1FD0A1CEC}.Release|x64.ActiveCfg = Release|Any CPU
		{0BDE02F8-B7C9-4E44-BB13-E4B1FD0A1CEC}.Release|x64.Build.0 = Release|Any CPU
		{0BDE02F8-B7C9-4E44-BB13-E4B1FD0A1CEC}.Release|x86.ActiveCfg = Release|Any CPU
		{0BDE02F8-B7C9-4E44-BB13-E4B1FD0A1CEC}.Release|x86.Build.0 = Release|Any CPU
		{E28B9997-99CF-4959-A32F-8B18E586F029}.Debug|Any CPU.ActiveCfg = Debug|Any CPU
		{E28B9997-99CF-4959-A32F-8B18E586F029}.Debug|Any CPU.Build.0 = Debug|Any CPU
		{E28B9997-99CF-4959-A32F-8B18E586F029}.Debug|x64.ActiveCfg = Debug|Any CPU
		{E28B9997-99CF-4959-A32F-8B18E586F029}.Debug|x64.Build.0 = Debug|Any CPU
		{E28B9997-99CF-4959-A32F-8B18E586F029}.Debug|x86.ActiveCfg = Debug|Any CPU
		{E28B9997-99CF-4959-A32F-8B18E586F029}.Debug|x86.Build.0 = Debug|Any CPU
		{E28B9997-99CF-4959-A32F-8B18E586F029}.Release|Any CPU.ActiveCfg = Release|Any CPU
		{E28B9997-99CF-4959-A32F-8B18E586F029}.Release|Any CPU.Build.0 = Release|Any CPU
		{E28B9997-99CF-4959-A32F-8B18E586F029}.Release|x64.ActiveCfg = Release|Any CPU
		{E28B9997-99CF-4959-A32F-8B18E586F029}.Release|x64.Build.0 = Release|Any CPU
		{E28B9997-99CF-4959-A32F-8B18E586F029}.Release|x86.ActiveCfg = Release|Any CPU
		{E28B9997-99CF-4959-A32F-8B18E586F029}.Release|x86.Build.0 = Release|Any CPU
		{3D146526-3083-4893-9F87-7E15D4E4A3FE}.Debug|Any CPU.ActiveCfg = Debug|Any CPU
		{3D146526-3083-4893-9F87-7E15D4E4A3FE}.Debug|Any CPU.Build.0 = Debug|Any CPU
		{3D146526-3083-4893-9F87-7E15D4E4A3FE}.Debug|x64.ActiveCfg = Debug|Any CPU
		{3D146526-3083-4893-9F87-7E15D4E4A3FE}.Debug|x64.Build.0 = Debug|Any CPU
		{3D146526-3083-4893-9F87-7E15D4E4A3FE}.Debug|x86.ActiveCfg = Debug|Any CPU
		{3D146526-3083-4893-9F87-7E15D4E4A3FE}.Debug|x86.Build.0 = Debug|Any CPU
		{3D146526-3083-4893-9F87-7E15D4E4A3FE}.Release|Any CPU.ActiveCfg = Release|Any CPU
		{3D146526-3083-4893-9F87-7E15D4E4A3FE}.Release|Any CPU.Build.0 = Release|Any CPU
		{3D146526-3083-4893-9F87-7E15D4E4A3FE}.Release|x64.ActiveCfg = Release|Any CPU
		{3D146526-3083-4893-9F87-7E15D4E4A3FE}.Release|x64.Build.0 = Release|Any CPU
		{3D146526-3083-4893-9F87-7E15D4E4A3FE}.Release|x86.ActiveCfg = Release|Any CPU
		{3D146526-3083-4893-9F87-7E15D4E4A3FE}.Release|x86.Build.0 = Release|Any CPU
		{78CD7484-0F85-4878-B805-9B511E34BA1C}.Debug|Any CPU.ActiveCfg = Debug|Any CPU
		{78CD7484-0F85-4878-B805-9B511E34BA1C}.Debug|Any CPU.Build.0 = Debug|Any CPU
		{78CD7484-0F85-4878-B805-9B511E34BA1C}.Debug|x64.ActiveCfg = Debug|Any CPU
		{78CD7484-0F85-4878-B805-9B511E34BA1C}.Debug|x64.Build.0 = Debug|Any CPU
		{78CD7484-0F85-4878-B805-9B511E34BA1C}.Debug|x86.ActiveCfg = Debug|Any CPU
		{78CD7484-0F85-4878-B805-9B511E34BA1C}.Debug|x86.Build.0 = Debug|Any CPU
		{78CD7484-0F85-4878-B805-9B511E34BA1C}.Release|Any CPU.ActiveCfg = Release|Any CPU
		{78CD7484-0F85-4878-B805-9B511E34BA1C}.Release|Any CPU.Build.0 = Release|Any CPU
		{78CD7484-0F85-4878-B805-9B511E34BA1C}.Release|x64.ActiveCfg = Release|Any CPU
		{78CD7484-0F85-4878-B805-9B511E34BA1C}.Release|x64.Build.0 = Release|Any CPU
		{78CD7484-0F85-4878-B805-9B511E34BA1C}.Release|x86.ActiveCfg = Release|Any CPU
		{78CD7484-0F85-4878-B805-9B511E34BA1C}.Release|x86.Build.0 = Release|Any CPU
		{10F5441D-6360-4839-8F01-AD0E56E8CA87}.Debug|Any CPU.ActiveCfg = Debug|Any CPU
		{10F5441D-6360-4839-8F01-AD0E56E8CA87}.Debug|Any CPU.Build.0 = Debug|Any CPU
		{10F5441D-6360-4839-8F01-AD0E56E8CA87}.Debug|x64.ActiveCfg = Debug|Any CPU
		{10F5441D-6360-4839-8F01-AD0E56E8CA87}.Debug|x64.Build.0 = Debug|Any CPU
		{10F5441D-6360-4839-8F01-AD0E56E8CA87}.Debug|x86.ActiveCfg = Debug|Any CPU
		{10F5441D-6360-4839-8F01-AD0E56E8CA87}.Debug|x86.Build.0 = Debug|Any CPU
		{10F5441D-6360-4839-8F01-AD0E56E8CA87}.Release|Any CPU.ActiveCfg = Release|Any CPU
		{10F5441D-6360-4839-8F01-AD0E56E8CA87}.Release|Any CPU.Build.0 = Release|Any CPU
		{10F5441D-6360-4839-8F01-AD0E56E8CA87}.Release|x64.ActiveCfg = Release|Any CPU
		{10F5441D-6360-4839-8F01-AD0E56E8CA87}.Release|x64.Build.0 = Release|Any CPU
		{10F5441D-6360-4839-8F01-AD0E56E8CA87}.Release|x86.ActiveCfg = Release|Any CPU
		{10F5441D-6360-4839-8F01-AD0E56E8CA87}.Release|x86.Build.0 = Release|Any CPU
		{B74EBC48-848D-42CD-8AA9-3C427B38F307}.Debug|Any CPU.ActiveCfg = Debug|Any CPU
		{B74EBC48-848D-42CD-8AA9-3C427B38F307}.Debug|Any CPU.Build.0 = Debug|Any CPU
		{B74EBC48-848D-42CD-8AA9-3C427B38F307}.Debug|x64.ActiveCfg = Debug|Any CPU
		{B74EBC48-848D-42CD-8AA9-3C427B38F307}.Debug|x64.Build.0 = Debug|Any CPU
		{B74EBC48-848D-42CD-8AA9-3C427B38F307}.Debug|x86.ActiveCfg = Debug|Any CPU
		{B74EBC48-848D-42CD-8AA9-3C427B38F307}.Debug|x86.Build.0 = Debug|Any CPU
		{B74EBC48-848D-42CD-8AA9-3C427B38F307}.Release|Any CPU.ActiveCfg = Release|Any CPU
		{B74EBC48-848D-42CD-8AA9-3C427B38F307}.Release|Any CPU.Build.0 = Release|Any CPU
		{B74EBC48-848D-42CD-8AA9-3C427B38F307}.Release|x64.ActiveCfg = Release|Any CPU
		{B74EBC48-848D-42CD-8AA9-3C427B38F307}.Release|x64.Build.0 = Release|Any CPU
		{B74EBC48-848D-42CD-8AA9-3C427B38F307}.Release|x86.ActiveCfg = Release|Any CPU
		{B74EBC48-848D-42CD-8AA9-3C427B38F307}.Release|x86.Build.0 = Release|Any CPU
		{A7FAE0CA-AA36-4B8F-828A-6289B6126115}.Debug|Any CPU.ActiveCfg = Debug|Any CPU
		{A7FAE0CA-AA36-4B8F-828A-6289B6126115}.Debug|Any CPU.Build.0 = Debug|Any CPU
		{A7FAE0CA-AA36-4B8F-828A-6289B6126115}.Debug|x64.ActiveCfg = Debug|Any CPU
		{A7FAE0CA-AA36-4B8F-828A-6289B6126115}.Debug|x64.Build.0 = Debug|Any CPU
		{A7FAE0CA-AA36-4B8F-828A-6289B6126115}.Debug|x86.ActiveCfg = Debug|Any CPU
		{A7FAE0CA-AA36-4B8F-828A-6289B6126115}.Debug|x86.Build.0 = Debug|Any CPU
		{A7FAE0CA-AA36-4B8F-828A-6289B6126115}.Release|Any CPU.ActiveCfg = Release|Any CPU
		{A7FAE0CA-AA36-4B8F-828A-6289B6126115}.Release|Any CPU.Build.0 = Release|Any CPU
		{A7FAE0CA-AA36-4B8F-828A-6289B6126115}.Release|x64.ActiveCfg = Release|Any CPU
		{A7FAE0CA-AA36-4B8F-828A-6289B6126115}.Release|x64.Build.0 = Release|Any CPU
		{A7FAE0CA-AA36-4B8F-828A-6289B6126115}.Release|x86.ActiveCfg = Release|Any CPU
		{A7FAE0CA-AA36-4B8F-828A-6289B6126115}.Release|x86.Build.0 = Release|Any CPU
		{8F8437D0-2AE6-48C8-9CD2-890F29445D12}.Debug|Any CPU.ActiveCfg = Debug|Any CPU
		{8F8437D0-2AE6-48C8-9CD2-890F29445D12}.Debug|Any CPU.Build.0 = Debug|Any CPU
		{8F8437D0-2AE6-48C8-9CD2-890F29445D12}.Debug|x64.ActiveCfg = Debug|Any CPU
		{8F8437D0-2AE6-48C8-9CD2-890F29445D12}.Debug|x64.Build.0 = Debug|Any CPU
		{8F8437D0-2AE6-48C8-9CD2-890F29445D12}.Debug|x86.ActiveCfg = Debug|Any CPU
		{8F8437D0-2AE6-48C8-9CD2-890F29445D12}.Debug|x86.Build.0 = Debug|Any CPU
		{8F8437D0-2AE6-48C8-9CD2-890F29445D12}.Release|Any CPU.ActiveCfg = Release|Any CPU
		{8F8437D0-2AE6-48C8-9CD2-890F29445D12}.Release|Any CPU.Build.0 = Release|Any CPU
		{8F8437D0-2AE6-48C8-9CD2-890F29445D12}.Release|x64.ActiveCfg = Release|Any CPU
		{8F8437D0-2AE6-48C8-9CD2-890F29445D12}.Release|x64.Build.0 = Release|Any CPU
		{8F8437D0-2AE6-48C8-9CD2-890F29445D12}.Release|x86.ActiveCfg = Release|Any CPU
		{8F8437D0-2AE6-48C8-9CD2-890F29445D12}.Release|x86.Build.0 = Release|Any CPU
		{3F2DAA48-9576-4863-A73B-9A1314375B4A}.Debug|Any CPU.ActiveCfg = Debug|Any CPU
		{3F2DAA48-9576-4863-A73B-9A1314375B4A}.Debug|Any CPU.Build.0 = Debug|Any CPU
		{3F2DAA48-9576-4863-A73B-9A1314375B4A}.Debug|x64.ActiveCfg = Debug|Any CPU
		{3F2DAA48-9576-4863-A73B-9A1314375B4A}.Debug|x64.Build.0 = Debug|Any CPU
		{3F2DAA48-9576-4863-A73B-9A1314375B4A}.Debug|x86.ActiveCfg = Debug|Any CPU
		{3F2DAA48-9576-4863-A73B-9A1314375B4A}.Debug|x86.Build.0 = Debug|Any CPU
		{3F2DAA48-9576-4863-A73B-9A1314375B4A}.Release|Any CPU.ActiveCfg = Release|Any CPU
		{3F2DAA48-9576-4863-A73B-9A1314375B4A}.Release|Any CPU.Build.0 = Release|Any CPU
		{3F2DAA48-9576-4863-A73B-9A1314375B4A}.Release|x64.ActiveCfg = Release|Any CPU
		{3F2DAA48-9576-4863-A73B-9A1314375B4A}.Release|x64.Build.0 = Release|Any CPU
		{3F2DAA48-9576-4863-A73B-9A1314375B4A}.Release|x86.ActiveCfg = Release|Any CPU
		{3F2DAA48-9576-4863-A73B-9A1314375B4A}.Release|x86.Build.0 = Release|Any CPU
		{6272FB1D-F065-48B3-8E3A-2B7585BE6420}.Debug|Any CPU.ActiveCfg = Debug|Any CPU
		{6272FB1D-F065-48B3-8E3A-2B7585BE6420}.Debug|Any CPU.Build.0 = Debug|Any CPU
		{6272FB1D-F065-48B3-8E3A-2B7585BE6420}.Debug|x64.ActiveCfg = Debug|Any CPU
		{6272FB1D-F065-48B3-8E3A-2B7585BE6420}.Debug|x64.Build.0 = Debug|Any CPU
		{6272FB1D-F065-48B3-8E3A-2B7585BE6420}.Debug|x86.ActiveCfg = Debug|Any CPU
		{6272FB1D-F065-48B3-8E3A-2B7585BE6420}.Debug|x86.Build.0 = Debug|Any CPU
		{6272FB1D-F065-48B3-8E3A-2B7585BE6420}.Release|Any CPU.ActiveCfg = Release|Any CPU
		{6272FB1D-F065-48B3-8E3A-2B7585BE6420}.Release|Any CPU.Build.0 = Release|Any CPU
		{6272FB1D-F065-48B3-8E3A-2B7585BE6420}.Release|x64.ActiveCfg = Release|Any CPU
		{6272FB1D-F065-48B3-8E3A-2B7585BE6420}.Release|x64.Build.0 = Release|Any CPU
		{6272FB1D-F065-48B3-8E3A-2B7585BE6420}.Release|x86.ActiveCfg = Release|Any CPU
		{6272FB1D-F065-48B3-8E3A-2B7585BE6420}.Release|x86.Build.0 = Release|Any CPU
		{747E4476-583E-433B-A81E-E8605A018089}.Debug|Any CPU.ActiveCfg = Debug|Any CPU
		{747E4476-583E-433B-A81E-E8605A018089}.Debug|Any CPU.Build.0 = Debug|Any CPU
		{747E4476-583E-433B-A81E-E8605A018089}.Debug|x64.ActiveCfg = Debug|x64
		{747E4476-583E-433B-A81E-E8605A018089}.Debug|x64.Build.0 = Debug|x64
		{747E4476-583E-433B-A81E-E8605A018089}.Debug|x86.ActiveCfg = Debug|Any CPU
		{747E4476-583E-433B-A81E-E8605A018089}.Debug|x86.Build.0 = Debug|Any CPU
		{747E4476-583E-433B-A81E-E8605A018089}.Release|Any CPU.ActiveCfg = Release|Any CPU
		{747E4476-583E-433B-A81E-E8605A018089}.Release|Any CPU.Build.0 = Release|Any CPU
		{747E4476-583E-433B-A81E-E8605A018089}.Release|x64.ActiveCfg = Release|x64
		{747E4476-583E-433B-A81E-E8605A018089}.Release|x64.Build.0 = Release|x64
		{747E4476-583E-433B-A81E-E8605A018089}.Release|x86.ActiveCfg = Release|Any CPU
		{747E4476-583E-433B-A81E-E8605A018089}.Release|x86.Build.0 = Release|Any CPU
		{9EDA0F4C-D4F4-464E-9CDB-02C9987D5613}.Debug|Any CPU.ActiveCfg = Debug|Any CPU
		{9EDA0F4C-D4F4-464E-9CDB-02C9987D5613}.Debug|Any CPU.Build.0 = Debug|Any CPU
		{9EDA0F4C-D4F4-464E-9CDB-02C9987D5613}.Debug|x64.ActiveCfg = Debug|Any CPU
		{9EDA0F4C-D4F4-464E-9CDB-02C9987D5613}.Debug|x64.Build.0 = Debug|Any CPU
		{9EDA0F4C-D4F4-464E-9CDB-02C9987D5613}.Debug|x86.ActiveCfg = Debug|Any CPU
		{9EDA0F4C-D4F4-464E-9CDB-02C9987D5613}.Debug|x86.Build.0 = Debug|Any CPU
		{9EDA0F4C-D4F4-464E-9CDB-02C9987D5613}.Release|Any CPU.ActiveCfg = Release|Any CPU
		{9EDA0F4C-D4F4-464E-9CDB-02C9987D5613}.Release|Any CPU.Build.0 = Release|Any CPU
		{9EDA0F4C-D4F4-464E-9CDB-02C9987D5613}.Release|x64.ActiveCfg = Release|Any CPU
		{9EDA0F4C-D4F4-464E-9CDB-02C9987D5613}.Release|x64.Build.0 = Release|Any CPU
		{9EDA0F4C-D4F4-464E-9CDB-02C9987D5613}.Release|x86.ActiveCfg = Release|Any CPU
		{9EDA0F4C-D4F4-464E-9CDB-02C9987D5613}.Release|x86.Build.0 = Release|Any CPU
		{5A2074B8-9F0C-4B48-A8AD-273F77417762}.Debug|Any CPU.ActiveCfg = Debug|Any CPU
		{5A2074B8-9F0C-4B48-A8AD-273F77417762}.Debug|Any CPU.Build.0 = Debug|Any CPU
		{5A2074B8-9F0C-4B48-A8AD-273F77417762}.Debug|x64.ActiveCfg = Debug|Any CPU
		{5A2074B8-9F0C-4B48-A8AD-273F77417762}.Debug|x64.Build.0 = Debug|Any CPU
		{5A2074B8-9F0C-4B48-A8AD-273F77417762}.Debug|x86.ActiveCfg = Debug|Any CPU
		{5A2074B8-9F0C-4B48-A8AD-273F77417762}.Debug|x86.Build.0 = Debug|Any CPU
		{5A2074B8-9F0C-4B48-A8AD-273F77417762}.Release|Any CPU.ActiveCfg = Release|Any CPU
		{5A2074B8-9F0C-4B48-A8AD-273F77417762}.Release|Any CPU.Build.0 = Release|Any CPU
		{5A2074B8-9F0C-4B48-A8AD-273F77417762}.Release|x64.ActiveCfg = Release|Any CPU
		{5A2074B8-9F0C-4B48-A8AD-273F77417762}.Release|x64.Build.0 = Release|Any CPU
		{5A2074B8-9F0C-4B48-A8AD-273F77417762}.Release|x86.ActiveCfg = Release|Any CPU
		{5A2074B8-9F0C-4B48-A8AD-273F77417762}.Release|x86.Build.0 = Release|Any CPU
		{51533942-A4D4-45A1-951A-CC81EAE37280}.Debug|Any CPU.ActiveCfg = Debug|Any CPU
		{51533942-A4D4-45A1-951A-CC81EAE37280}.Debug|Any CPU.Build.0 = Debug|Any CPU
		{51533942-A4D4-45A1-951A-CC81EAE37280}.Debug|x64.ActiveCfg = Debug|Any CPU
		{51533942-A4D4-45A1-951A-CC81EAE37280}.Debug|x64.Build.0 = Debug|Any CPU
		{51533942-A4D4-45A1-951A-CC81EAE37280}.Debug|x86.ActiveCfg = Debug|Any CPU
		{51533942-A4D4-45A1-951A-CC81EAE37280}.Debug|x86.Build.0 = Debug|Any CPU
		{51533942-A4D4-45A1-951A-CC81EAE37280}.Release|Any CPU.ActiveCfg = Release|Any CPU
		{51533942-A4D4-45A1-951A-CC81EAE37280}.Release|Any CPU.Build.0 = Release|Any CPU
		{51533942-A4D4-45A1-951A-CC81EAE37280}.Release|x64.ActiveCfg = Release|Any CPU
		{51533942-A4D4-45A1-951A-CC81EAE37280}.Release|x64.Build.0 = Release|Any CPU
		{51533942-A4D4-45A1-951A-CC81EAE37280}.Release|x86.ActiveCfg = Release|Any CPU
		{51533942-A4D4-45A1-951A-CC81EAE37280}.Release|x86.Build.0 = Release|Any CPU
		{82AF12D1-3E71-4663-BE69-6B95FB55C7E9}.Debug|Any CPU.ActiveCfg = Debug|Any CPU
		{82AF12D1-3E71-4663-BE69-6B95FB55C7E9}.Debug|Any CPU.Build.0 = Debug|Any CPU
		{82AF12D1-3E71-4663-BE69-6B95FB55C7E9}.Debug|x64.ActiveCfg = Debug|Any CPU
		{82AF12D1-3E71-4663-BE69-6B95FB55C7E9}.Debug|x64.Build.0 = Debug|Any CPU
		{82AF12D1-3E71-4663-BE69-6B95FB55C7E9}.Debug|x86.ActiveCfg = Debug|Any CPU
		{82AF12D1-3E71-4663-BE69-6B95FB55C7E9}.Debug|x86.Build.0 = Debug|Any CPU
		{82AF12D1-3E71-4663-BE69-6B95FB55C7E9}.Release|Any CPU.ActiveCfg = Release|Any CPU
		{82AF12D1-3E71-4663-BE69-6B95FB55C7E9}.Release|Any CPU.Build.0 = Release|Any CPU
		{82AF12D1-3E71-4663-BE69-6B95FB55C7E9}.Release|x64.ActiveCfg = Release|Any CPU
		{82AF12D1-3E71-4663-BE69-6B95FB55C7E9}.Release|x64.Build.0 = Release|Any CPU
		{82AF12D1-3E71-4663-BE69-6B95FB55C7E9}.Release|x86.ActiveCfg = Release|Any CPU
		{82AF12D1-3E71-4663-BE69-6B95FB55C7E9}.Release|x86.Build.0 = Release|Any CPU
	EndGlobalSection
	GlobalSection(SolutionProperties) = preSolution
		HideSolutionNode = FALSE
	EndGlobalSection
	GlobalSection(ExtensibilityGlobals) = postSolution
		SolutionGuid = {AB296438-A498-4281-B9A8-8E7D2070D259}
	EndGlobalSection
EndGlobal
