
Microsoft Visual Studio Solution File, Format Version 12.00
# Visual Studio Version 17
VisualStudioVersion = 17.4.33213.308
MinimumVisualStudioVersion = 10.0.40219.1
Project("{FAE04EC0-301F-11D3-BF4B-00C04F79EFBC}") = "ImageFilterTool", "ImageFilterTool\ImageFilterTool.csproj", "{D786B952-F766-431E-AD38-A8B2F4292710}"
EndProject
Project("{FAE04EC0-301F-11D3-BF4B-00C04F79EFBC}") = "RTCConst", "..\..\RTCVision Lite\RTCVision Lite\RTCConst\RTCConst.csproj", "{6976BD3F-01C6-4AA6-8F5B-8C4FD3D52F27}"
EndProject
Global
	GlobalSection(SolutionConfigurationPlatforms) = preSolution
		Debug|Any CPU = Debug|Any CPU
		Release|Any CPU = Release|Any CPU
	EndGlobalSection
	GlobalSection(ProjectConfigurationPlatforms) = postSolution
		{D786B952-F766-431E-AD38-A8B2F4292710}.Debug|Any CPU.ActiveCfg = Debug|Any CPU
		{D786B952-F766-431E-AD38-A8B2F4292710}.Debug|Any CPU.Build.0 = Debug|Any CPU
		{D786B952-F766-431E-AD38-A8B2F4292710}.Release|Any CPU.ActiveCfg = Release|Any CPU
		{D786B952-F766-431E-AD38-A8B2F4292710}.Release|Any CPU.Build.0 = Release|Any CPU
		{6976BD3F-01C6-4AA6-8F5B-8C4FD3D52F27}.Debug|Any CPU.ActiveCfg = Debug|Any CPU
		{6976BD3F-01C6-4AA6-8F5B-8C4FD3D52F27}.Debug|Any CPU.Build.0 = Debug|Any CPU
		{6976BD3F-01C6-4AA6-8F5B-8C4FD3D52F27}.Release|Any CPU.ActiveCfg = Release|Any CPU
		{6976BD3F-01C6-4AA6-8F5B-8C4FD3D52F27}.Release|Any CPU.Build.0 = Release|Any CPU
	EndGlobalSection
	GlobalSection(SolutionProperties) = preSolution
		HideSolutionNode = FALSE
	EndGlobalSection
	GlobalSection(ExtensibilityGlobals) = postSolution
		SolutionGuid = {AAC00EE8-8063-4960-AE51-9ED92471DA10}
	EndGlobalSection
EndGlobal
