
Microsoft Visual Studio Solution File, Format Version 12.00
# Visual Studio Version 17
VisualStudioVersion = 17.4.33213.308
MinimumVisualStudioVersion = 10.0.40219.1
Project("{FAE04EC0-301F-11D3-BF4B-00C04F79EFBC}") = "Blob_Muilti_ROI", "Blob_Muilti_ROI\Blob_Muilti_ROI.csproj", "{B2B7E4DB-F4F0-40F1-BA72-A08AA4DA0A0B}"
EndProject
Project("{FAE04EC0-301F-11D3-BF4B-00C04F79EFBC}") = "RTCBaseTypes", "..\..\RTCVision Lite\RTCVision Lite\RTCBaseTypes\RTCBaseTypes.csproj", "{A829D47D-A7E2-4D41-8BB1-B9B075F289B8}"
EndProject
Project("{FAE04EC0-301F-11D3-BF4B-00C04F79EFBC}") = "RTCConst", "..\..\RTCVision Lite\RTCVision Lite\RTCConst\RTCConst.csproj", "{6976BD3F-01C6-4AA6-8F5B-8C4FD3D52F27}"
EndProject
Global
	GlobalSection(SolutionConfigurationPlatforms) = preSolution
		Debug|Any CPU = Debug|Any CPU
		Release|Any CPU = Release|Any CPU
	EndGlobalSection
	GlobalSection(ProjectConfigurationPlatforms) = postSolution
		{B2B7E4DB-F4F0-40F1-BA72-A08AA4DA0A0B}.Debug|Any CPU.ActiveCfg = Debug|Any CPU
		{B2B7E4DB-F4F0-40F1-BA72-A08AA4DA0A0B}.Debug|Any CPU.Build.0 = Debug|Any CPU
		{B2B7E4DB-F4F0-40F1-BA72-A08AA4DA0A0B}.Release|Any CPU.ActiveCfg = Release|Any CPU
		{B2B7E4DB-F4F0-40F1-BA72-A08AA4DA0A0B}.Release|Any CPU.Build.0 = Release|Any CPU
		{A829D47D-A7E2-4D41-8BB1-B9B075F289B8}.Debug|Any CPU.ActiveCfg = Debug|Any CPU
		{A829D47D-A7E2-4D41-8BB1-B9B075F289B8}.Debug|Any CPU.Build.0 = Debug|Any CPU
		{A829D47D-A7E2-4D41-8BB1-B9B075F289B8}.Release|Any CPU.ActiveCfg = Release|Any CPU
		{A829D47D-A7E2-4D41-8BB1-B9B075F289B8}.Release|Any CPU.Build.0 = Release|Any CPU
		{6976BD3F-01C6-4AA6-8F5B-8C4FD3D52F27}.Debug|Any CPU.ActiveCfg = Debug|Any CPU
		{6976BD3F-01C6-4AA6-8F5B-8C4FD3D52F27}.Debug|Any CPU.Build.0 = Debug|Any CPU
		{6976BD3F-01C6-4AA6-8F5B-8C4FD3D52F27}.Release|Any CPU.ActiveCfg = Release|Any CPU
		{6976BD3F-01C6-4AA6-8F5B-8C4FD3D52F27}.Release|Any CPU.Build.0 = Release|Any CPU
	EndGlobalSection
	GlobalSection(SolutionProperties) = preSolution
		HideSolutionNode = FALSE
	EndGlobalSection
	GlobalSection(ExtensibilityGlobals) = postSolution
		SolutionGuid = {8A737464-E3F9-431E-AF46-8CBF95758E1B}
	EndGlobalSection
EndGlobal
