
Microsoft Visual Studio Solution File, Format Version 12.00
# Visual Studio Version 17
VisualStudioVersion = 17.4.33213.308
MinimumVisualStudioVersion = 10.0.40219.1
Project("{FAE04EC0-301F-11D3-BF4B-00C04F79EFBC}") = "FindLineTool", "FindLineTool\FindLineTool.csproj", "{A7FAE0CA-AA36-4B8F-828A-6289B6126115}"
EndProject
Project("{FAE04EC0-301F-11D3-BF4B-00C04F79EFBC}") = "RTCConst", "..\..\RTCVision Lite\RTCVision Lite\RTCConst\RTCConst.csproj", "{6976BD3F-01C6-4AA6-8F5B-8C4FD3D52F27}"
EndProject
Global
	GlobalSection(SolutionConfigurationPlatforms) = preSolution
		Debug|Any CPU = Debug|Any CPU
		Release|Any CPU = Release|Any CPU
	EndGlobalSection
	GlobalSection(ProjectConfigurationPlatforms) = postSolution
		{A7FAE0CA-AA36-4B8F-828A-6289B6126115}.Debug|Any CPU.ActiveCfg = Debug|Any CPU
		{A7FAE0CA-AA36-4B8F-828A-6289B6126115}.Debug|Any CPU.Build.0 = Debug|Any CPU
		{A7FAE0CA-AA36-4B8F-828A-6289B6126115}.Release|Any CPU.ActiveCfg = Release|Any CPU
		{A7FAE0CA-AA36-4B8F-828A-6289B6126115}.Release|Any CPU.Build.0 = Release|Any CPU
		{6976BD3F-01C6-4AA6-8F5B-8C4FD3D52F27}.Debug|Any CPU.ActiveCfg = Debug|Any CPU
		{6976BD3F-01C6-4AA6-8F5B-8C4FD3D52F27}.Debug|Any CPU.Build.0 = Debug|Any CPU
		{6976BD3F-01C6-4AA6-8F5B-8C4FD3D52F27}.Release|Any CPU.ActiveCfg = Release|Any CPU
		{6976BD3F-01C6-4AA6-8F5B-8C4FD3D52F27}.Release|Any CPU.Build.0 = Release|Any CPU
	EndGlobalSection
	GlobalSection(SolutionProperties) = preSolution
		HideSolutionNode = FALSE
	EndGlobalSection
	GlobalSection(ExtensibilityGlobals) = postSolution
		SolutionGuid = {F13B7EF9-F214-44E1-88EC-5C8607DEE97C}
	EndGlobalSection
EndGlobal
